<?xml version="1.0" encoding="utf-8"?>
<Project ToolsVersion="4.0" xmlns="http://schemas.microsoft.com/developer/msbuild/2003">
  <ItemGroup>
    <ClInclude Include="audear.h" />
    <ClInclude Include="audear.preprocessors.h" />
    <ClInclude Include="audear.struct.h" />
    <ClInclude Include="audear.interface.h" />
    <ClInclude Include="Streams\audear.streams.h" />
    <ClInclude Include="Decoders\audear.decoders.h" />
    <ClInclude Include="Players\audear.players.h" />
    <ClInclude Include="Resources\resource.h" />
    <ClInclude Include="InnerUtilities\MemoryStream.hpp" />
    <ClInclude Include="InnerUtilities\Thread.hpp" />
    <ClInclude Include="InnerUtilities\HighResolutionTimer.hpp" />
  </ItemGroup>
  <ItemGroup>
    <ClCompile Include="Decoders\audear.mfdecoder.cpp" />
    <ClCompile Include="Base\audear.struct.cpp" />
    <ClCompile Include="Streams\audear.stream.cpp" />
    <ClCompile Include="Streams\audear.audiostream.cpp" />
    <ClCompile Include="Base\audear.interface.cpp" />
    <ClCompile Include="Players\audear.wasapiplayer.cpp" />
    <ClCompile Include="Players\audear.openalplayer.cpp" />
    <ClCompile Include="Streams\audear.convstreams.cpp" />
    <ClCompile Include="Decoders\audear.decoderdetector.cpp" />
    <ClCompile Include="Base\audear.cpp" />
    <ClCompile Include="Players\audear.xaudio2player.cpp" />
  </ItemGroup>
  <ItemGroup>
    <ResourceCompile Include="Resources\libaudear.rc" />
  </ItemGroup>
</Project>